
Microsoft Visual Studio Solution File, Format Version 12.00
# Visual Studio Version 17
VisualStudioVersion = 17.14.37012.4
MinimumVisualStudioVersion = 10.0.40219.1
Project("{8BC9CEB8-8B4A-11D0-8D11-00A0C91BC942}") = "001_bmi", "001_bmi\001_bmi.vcxproj", "{3DECD16F-E3A7-4ACB-A601-8BF5E05116B9}"
EndProject
Project("{FAE04EC0-301F-11D3-BF4B-00C04F79EFBC}") = "002_bmiForm", "002_bmiForm\002_bmiForm.csproj", "{B8168308-2DDF-4D7C-85E2-E2160C567002}"
EndProject
Project("{FAE04EC0-301F-11D3-BF4B-00C04F79EFBC}") = "003_Format", "004_Format\003_Format.csproj", "{1408D257-29B3-41AD-B7A5-8BEA7AFEE398}"
EndProject
Project("{FAE04EC0-301F-11D3-BF4B-00C04F79EFBC}") = "004_Basic_Control", "WindowsFormsApp1\004_Basic_Control.csproj", "{B2D21597-7FAE-4A93-959A-1C2154256ACB}"
EndProject
Project("{FAE04EC0-301F-11D3-BF4B-00C04F79EFBC}") = "006_LableMulti", "005_LableMulti\006_LableMulti.csproj", "{09BF55E3-2362-4E04-939F-215C55A67BED}"
EndProject
Project("{FAE04EC0-301F-11D3-BF4B-00C04F79EFBC}") = "005_messageBox", "005_messageBox\005_messageBox.csproj", "{72BEEAA7-56CB-4EF2-B885-66B21056B137}"
EndProject
Project("{FAE04EC0-301F-11D3-BF4B-00C04F79EFBC}") = "007_CheckBox", "007_CheckBox\007_CheckBox.csproj", "{95BA9CF9-9C55-4A2A-A5D7-7C224C89D007}"
EndProject
Project("{FAE04EC0-301F-11D3-BF4B-00C04F79EFBC}") = "008_RadioButton", "008_RadioButton\008_RadioButton.csproj", "{35F64245-A862-43C5-B007-FE975F4515E2}"
EndProject
Project("{FAE04EC0-301F-11D3-BF4B-00C04F79EFBC}") = "009_score_celk", "009_score_celk\009_score_celk.csproj", "{EA04D268-2E26-4128-8906-4C4D14C67BAF}"
EndProject
Project("{FAE04EC0-301F-11D3-BF4B-00C04F79EFBC}") = "010_grade_calc", "010_grade_calc\010_grade_calc.csproj", "{ABE03587-4C62-45E4-BE1A-C5294ECC75AA}"
EndProject
Project("{FAE04EC0-301F-11D3-BF4B-00C04F79EFBC}") = "011_chart_control", "011_chart_control\011_chart_control.csproj", "{FFDF7C17-110C-450D-825E-A14A126D2D44}"
EndProject
Project("{FAE04EC0-301F-11D3-BF4B-00C04F79EFBC}") = "012_two_chart", "012_two_chart\012_two_chart.csproj", "{F54F3DB8-935B-448C-AA0A-5F7231227C06}"
EndProject
Project("{FAE04EC0-301F-11D3-BF4B-00C04F79EFBC}") = "013_graph", "013_graph\013_graph.csproj", "{66EC68FC-ECDE-445D-ACCD-7552A3AE9E52}"
EndProject
Project("{FAE04EC0-301F-11D3-BF4B-00C04F79EFBC}") = "014__class1", "014__class1\014__class1.csproj", "{29B9E527-DD31-47F8-8B70-F328421EB76E}"
EndProject
Project("{FAE04EC0-301F-11D3-BF4B-00C04F79EFBC}") = "015_class2", "015_class2\015_class2.csproj", "{86E74D6C-E5EE-4206-A30B-0C2CACD1716B}"
EndProject
Project("{FAE04EC0-301F-11D3-BF4B-00C04F79EFBC}") = "016_Rectangle", "016_Rectangle\016_Rectangle.csproj", "{63AFBFE8-3E6E-4525-9616-5E8E2010E0E9}"
EndProject
Project("{FAE04EC0-301F-11D3-BF4B-00C04F79EFBC}") = "017_student", "017_student\017_student.csproj", "{A4E8A237-FDDF-4654-8CA1-3DEB63B442D5}"
EndProject
Project("{FAE04EC0-301F-11D3-BF4B-00C04F79EFBC}") = "018_calcul", "18_calcul\018_calcul.csproj", "{65CD29A5-F7EA-46E2-A56D-19F8FA4FDBF1}"
EndProject
Project("{FAE04EC0-301F-11D3-BF4B-00C04F79EFBC}") = "019_Circle", "019_Circle\019_Circle.csproj", "{A5C1BD28-C870-411A-9DA7-CC04DA25A989}"
EndProject
Project("{FAE04EC0-301F-11D3-BF4B-00C04F79EFBC}") = "020_Rectangle_P", "020_Rectangle_P\020_Rectangle_P.csproj", "{209D1A81-C379-4945-AB55-80FF3BA501F6}"
EndProject
Project("{FAE04EC0-301F-11D3-BF4B-00C04F79EFBC}") = "021_Rectangle_PFull", "021_Rectangle_PFull\021_Rectangle_PFull.csproj", "{1D638EC8-E24E-44FA-935B-772A20FC317D}"
EndProject
Project("{FAE04EC0-301F-11D3-BF4B-00C04F79EFBC}") = "022_clock", "022_clock\022_clock.csproj", "{30D820B4-C5E8-46E8-8939-66CC808F9F60}"
EndProject
Project("{FAE04EC0-301F-11D3-BF4B-00C04F79EFBC}") = "025_Hello World_ WPF", "25_Hello World_ WPF\025_Hello World_ WPF.csproj", "{CF8E6C6C-8B36-4E67-BE6D-0541D9CBDA65}"
EndProject
Project("{FAE04EC0-301F-11D3-BF4B-00C04F79EFBC}") = "026_WPF", "026_WPF\026_WPF.csproj", "{9886102A-DCFE-42E3-80C0-AD3D37DF08E9}"
EndProject
Project("{FAE04EC0-301F-11D3-BF4B-00C04F79EFBC}") = "027_Grid", "027_Grid\027_Grid.csproj", "{5478AE6B-5056-4516-8E62-3D74540208C9}"
EndProject
Project("{FAE04EC0-301F-11D3-BF4B-00C04F79EFBC}") = "028_DClock", "028_DClock\028_DClock.csproj", "{1EEF957E-5420-4C38-AE8B-DDCAB6334003}"
EndProject
Project("{FAE04EC0-301F-11D3-BF4B-00C04F79EFBC}") = "029_Margin", "029_Margin\029_Margin.csproj", "{30A10570-B67D-45DE-A416-17F039AF3D9E}"
EndProject
Project("{FAE04EC0-301F-11D3-BF4B-00C04F79EFBC}") = "030_StackPanel", "029_StackPanel\030_StackPanel.csproj", "{9CAE7221-03A5-435F-BF73-417B20CF21AB}"
EndProject
Project("{FAE04EC0-301F-11D3-BF4B-00C04F79EFBC}") = "031_Login", "031_Login\031_Login.csproj", "{E96FC866-1AE4-4CA2-99B2-B342CF298224}"
EndProject
Project("{FAE04EC0-301F-11D3-BF4B-00C04F79EFBC}") = "032_Language", "032_Language\032_Language.csproj", "{391ED57F-695C-4140-9132-A8414B7D096F}"
EndProject
Project("{FAE04EC0-301F-11D3-BF4B-00C04F79EFBC}") = "033_Run", "033_Run\033_Run.csproj", "{F165E1FE-CA82-436C-B81F-9673F593EE5A}"
EndProject
Project("{FAE04EC0-301F-11D3-BF4B-00C04F79EFBC}") = "034_User_Control", "034_User_Control\034_User_Control.csproj", "{8D64DC29-1D48-4492-8418-889C54B82306}"
EndProject
Project("{FAE04EC0-301F-11D3-BF4B-00C04F79EFBC}") = "035_MultiColorButton", "035_MultiColorButton\035_MultiColorButton.csproj", "{9D21E3D5-5FD8-4929-B4CB-EF1DAB17FCD7}"
EndProject
Project("{FAE04EC0-301F-11D3-BF4B-00C04F79EFBC}") = "036_UniformGrid", "036_UniformGrid\036_UniformGrid.csproj", "{B4087540-5E8E-4B53-8FEB-65F703418BA6}"
EndProject
Project("{FAE04EC0-301F-11D3-BF4B-00C04F79EFBC}") = "037_ChessBoard", "037_ChessBoard\037_ChessBoard.csproj", "{DFA8185B-AC70-4C9E-A803-DD7683C782E7}"
EndProject
Project("{FAE04EC0-301F-11D3-BF4B-00C04F79EFBC}") = "038_Event", "038_Event\038_Event.csproj", "{271B3D15-C508-4686-8840-46BA0250FAC8}"
EndProject
Project("{FAE04EC0-301F-11D3-BF4B-00C04F79EFBC}") = "039_WPF_clac", "039_WPF_clac\039_WPF_clac.csproj", "{A55ECF7D-5270-4BB6-8864-98802593F97C}"
EndProject
Project("{FAE04EC0-301F-11D3-BF4B-00C04F79EFBC}") = "040_WPF_Rotation_clock", "WPF_Rotation_clock\040_WPF_Rotation_clock.csproj", "{42691FA1-018B-4853-ABD7-9B2DB178C7B9}"
EndProject
Project("{FAE04EC0-301F-11D3-BF4B-00C04F79EFBC}") = "041_Maching_Game", "041_Maching_Game\041_Maching_Game.csproj", "{E234A214-2BF2-45E8-A710-C1E8CA56BB31}"
EndProject
Global
	GlobalSection(SolutionConfigurationPlatforms) = preSolution
		Debug|Any CPU = Debug|Any CPU
		Debug|x64 = Debug|x64
		Debug|x86 = Debug|x86
		Release|Any CPU = Release|Any CPU
		Release|x64 = Release|x64
		Release|x86 = Release|x86
	EndGlobalSection
	GlobalSection(ProjectConfigurationPlatforms) = postSolution
		{3DECD16F-E3A7-4ACB-A601-8BF5E05116B9}.Debug|Any CPU.ActiveCfg = Debug|x64
		{3DECD16F-E3A7-4ACB-A601-8BF5E05116B9}.Debug|Any CPU.Build.0 = Debug|x64
		{3DECD16F-E3A7-4ACB-A601-8BF5E05116B9}.Debug|x64.ActiveCfg = Debug|x64
		{3DECD16F-E3A7-4ACB-A601-8BF5E05116B9}.Debug|x64.Build.0 = Debug|x64
		{3DECD16F-E3A7-4ACB-A601-8BF5E05116B9}.Debug|x86.ActiveCfg = Debug|Win32
		{3DECD16F-E3A7-4ACB-A601-8BF5E05116B9}.Debug|x86.Build.0 = Debug|Win32
		{3DECD16F-E3A7-4ACB-A601-8BF5E05116B9}.Release|Any CPU.ActiveCfg = Release|x64
		{3DECD16F-E3A7-4ACB-A601-8BF5E05116B9}.Release|Any CPU.Build.0 = Release|x64
		{3DECD16F-E3A7-4ACB-A601-8BF5E05116B9}.Release|x64.ActiveCfg = Release|x64
		{3DECD16F-E3A7-4ACB-A601-8BF5E05116B9}.Release|x64.Build.0 = Release|x64
		{3DECD16F-E3A7-4ACB-A601-8BF5E05116B9}.Release|x86.ActiveCfg = Release|Win32
		{3DECD16F-E3A7-4ACB-A601-8BF5E05116B9}.Release|x86.Build.0 = Release|Win32
		{B8168308-2DDF-4D7C-85E2-E2160C567002}.Debug|Any CPU.ActiveCfg = Debug|Any CPU
		{B8168308-2DDF-4D7C-85E2-E2160C567002}.Debug|Any CPU.Build.0 = Debug|Any CPU
		{B8168308-2DDF-4D7C-85E2-E2160C567002}.Debug|x64.ActiveCfg = Debug|Any CPU
		{B8168308-2DDF-4D7C-85E2-E2160C567002}.Debug|x64.Build.0 = Debug|Any CPU
		{B8168308-2DDF-4D7C-85E2-E2160C567002}.Debug|x86.ActiveCfg = Debug|Any CPU
		{B8168308-2DDF-4D7C-85E2-E2160C567002}.Debug|x86.Build.0 = Debug|Any CPU
		{B8168308-2DDF-4D7C-85E2-E2160C567002}.Release|Any CPU.ActiveCfg = Release|Any CPU
		{B8168308-2DDF-4D7C-85E2-E2160C567002}.Release|Any CPU.Build.0 = Release|Any CPU
		{B8168308-2DDF-4D7C-85E2-E2160C567002}.Release|x64.ActiveCfg = Release|Any CPU
		{B8168308-2DDF-4D7C-85E2-E2160C567002}.Release|x64.Build.0 = Release|Any CPU
		{B8168308-2DDF-4D7C-85E2-E2160C567002}.Release|x86.ActiveCfg = Release|Any CPU
		{B8168308-2DDF-4D7C-85E2-E2160C567002}.Release|x86.Build.0 = Release|Any CPU
		{1408D257-29B3-41AD-B7A5-8BEA7AFEE398}.Debug|Any CPU.ActiveCfg = Debug|Any CPU
		{1408D257-29B3-41AD-B7A5-8BEA7AFEE398}.Debug|Any CPU.Build.0 = Debug|Any CPU
		{1408D257-29B3-41AD-B7A5-8BEA7AFEE398}.Debug|x64.ActiveCfg = Debug|Any CPU
		{1408D257-29B3-41AD-B7A5-8BEA7AFEE398}.Debug|x64.Build.0 = Debug|Any CPU
		{1408D257-29B3-41AD-B7A5-8BEA7AFEE398}.Debug|x86.ActiveCfg = Debug|Any CPU
		{1408D257-29B3-41AD-B7A5-8BEA7AFEE398}.Debug|x86.Build.0 = Debug|Any CPU
		{1408D257-29B3-41AD-B7A5-8BEA7AFEE398}.Release|Any CPU.ActiveCfg = Release|Any CPU
		{1408D257-29B3-41AD-B7A5-8BEA7AFEE398}.Release|Any CPU.Build.0 = Release|Any CPU
		{1408D257-29B3-41AD-B7A5-8BEA7AFEE398}.Release|x64.ActiveCfg = Release|Any CPU
		{1408D257-29B3-41AD-B7A5-8BEA7AFEE398}.Release|x64.Build.0 = Release|Any CPU
		{1408D257-29B3-41AD-B7A5-8BEA7AFEE398}.Release|x86.ActiveCfg = Release|Any CPU
		{1408D257-29B3-41AD-B7A5-8BEA7AFEE398}.Release|x86.Build.0 = Release|Any CPU
		{B2D21597-7FAE-4A93-959A-1C2154256ACB}.Debug|Any CPU.ActiveCfg = Debug|Any CPU
		{B2D21597-7FAE-4A93-959A-1C2154256ACB}.Debug|Any CPU.Build.0 = Debug|Any CPU
		{B2D21597-7FAE-4A93-959A-1C2154256ACB}.Debug|x64.ActiveCfg = Debug|Any CPU
		{B2D21597-7FAE-4A93-959A-1C2154256ACB}.Debug|x64.Build.0 = Debug|Any CPU
		{B2D21597-7FAE-4A93-959A-1C2154256ACB}.Debug|x86.ActiveCfg = Debug|Any CPU
		{B2D21597-7FAE-4A93-959A-1C2154256ACB}.Debug|x86.Build.0 = Debug|Any CPU
		{B2D21597-7FAE-4A93-959A-1C2154256ACB}.Release|Any CPU.ActiveCfg = Release|Any CPU
		{B2D21597-7FAE-4A93-959A-1C2154256ACB}.Release|Any CPU.Build.0 = Release|Any CPU
		{B2D21597-7FAE-4A93-959A-1C2154256ACB}.Release|x64.ActiveCfg = Release|Any CPU
		{B2D21597-7FAE-4A93-959A-1C2154256ACB}.Release|x64.Build.0 = Release|Any CPU
		{B2D21597-7FAE-4A93-959A-1C2154256ACB}.Release|x86.ActiveCfg = Release|Any CPU
		{B2D21597-7FAE-4A93-959A-1C2154256ACB}.Release|x86.Build.0 = Release|Any CPU
		{09BF55E3-2362-4E04-939F-215C55A67BED}.Debug|Any CPU.ActiveCfg = Debug|Any CPU
		{09BF55E3-2362-4E04-939F-215C55A67BED}.Debug|Any CPU.Build.0 = Debug|Any CPU
		{09BF55E3-2362-4E04-939F-215C55A67BED}.Debug|x64.ActiveCfg = Debug|Any CPU
		{09BF55E3-2362-4E04-939F-215C55A67BED}.Debug|x64.Build.0 = Debug|Any CPU
		{09BF55E3-2362-4E04-939F-215C55A67BED}.Debug|x86.ActiveCfg = Debug|Any CPU
		{09BF55E3-2362-4E04-939F-215C55A67BED}.Debug|x86.Build.0 = Debug|Any CPU
		{09BF55E3-2362-4E04-939F-215C55A67BED}.Release|Any CPU.ActiveCfg = Release|Any CPU
		{09BF55E3-2362-4E04-939F-215C55A67BED}.Release|Any CPU.Build.0 = Release|Any CPU
		{09BF55E3-2362-4E04-939F-215C55A67BED}.Release|x64.ActiveCfg = Release|Any CPU
		{09BF55E3-2362-4E04-939F-215C55A67BED}.Release|x64.Build.0 = Release|Any CPU
		{09BF55E3-2362-4E04-939F-215C55A67BED}.Release|x86.ActiveCfg = Release|Any CPU
		{09BF55E3-2362-4E04-939F-215C55A67BED}.Release|x86.Build.0 = Release|Any CPU
		{72BEEAA7-56CB-4EF2-B885-66B21056B137}.Debug|Any CPU.ActiveCfg = Debug|Any CPU
		{72BEEAA7-56CB-4EF2-B885-66B21056B137}.Debug|Any CPU.Build.0 = Debug|Any CPU
		{72BEEAA7-56CB-4EF2-B885-66B21056B137}.Debug|x64.ActiveCfg = Debug|Any CPU
		{72BEEAA7-56CB-4EF2-B885-66B21056B137}.Debug|x64.Build.0 = Debug|Any CPU
		{72BEEAA7-56CB-4EF2-B885-66B21056B137}.Debug|x86.ActiveCfg = Debug|Any CPU
		{72BEEAA7-56CB-4EF2-B885-66B21056B137}.Debug|x86.Build.0 = Debug|Any CPU
		{72BEEAA7-56CB-4EF2-B885-66B21056B137}.Release|Any CPU.ActiveCfg = Release|Any CPU
		{72BEEAA7-56CB-4EF2-B885-66B21056B137}.Release|Any CPU.Build.0 = Release|Any CPU
		{72BEEAA7-56CB-4EF2-B885-66B21056B137}.Release|x64.ActiveCfg = Release|Any CPU
		{72BEEAA7-56CB-4EF2-B885-66B21056B137}.Release|x64.Build.0 = Release|Any CPU
		{72BEEAA7-56CB-4EF2-B885-66B21056B137}.Release|x86.ActiveCfg = Release|Any CPU
		{72BEEAA7-56CB-4EF2-B885-66B21056B137}.Release|x86.Build.0 = Release|Any CPU
		{95BA9CF9-9C55-4A2A-A5D7-7C224C89D007}.Debug|Any CPU.ActiveCfg = Debug|Any CPU
		{95BA9CF9-9C55-4A2A-A5D7-7C224C89D007}.Debug|Any CPU.Build.0 = Debug|Any CPU
		{95BA9CF9-9C55-4A2A-A5D7-7C224C89D007}.Debug|x64.ActiveCfg = Debug|Any CPU
		{95BA9CF9-9C55-4A2A-A5D7-7C224C89D007}.Debug|x64.Build.0 = Debug|Any CPU
		{95BA9CF9-9C55-4A2A-A5D7-7C224C89D007}.Debug|x86.ActiveCfg = Debug|Any CPU
		{95BA9CF9-9C55-4A2A-A5D7-7C224C89D007}.Debug|x86.Build.0 = Debug|Any CPU
		{95BA9CF9-9C55-4A2A-A5D7-7C224C89D007}.Release|Any CPU.ActiveCfg = Release|Any CPU
		{95BA9CF9-9C55-4A2A-A5D7-7C224C89D007}.Release|Any CPU.Build.0 = Release|Any CPU
		{95BA9CF9-9C55-4A2A-A5D7-7C224C89D007}.Release|x64.ActiveCfg = Release|Any CPU
		{95BA9CF9-9C55-4A2A-A5D7-7C224C89D007}.Release|x64.Build.0 = Release|Any CPU
		{95BA9CF9-9C55-4A2A-A5D7-7C224C89D007}.Release|x86.ActiveCfg = Release|Any CPU
		{95BA9CF9-9C55-4A2A-A5D7-7C224C89D007}.Release|x86.Build.0 = Release|Any CPU
		{35F64245-A862-43C5-B007-FE975F4515E2}.Debug|Any CPU.ActiveCfg = Debug|Any CPU
		{35F64245-A862-43C5-B007-FE975F4515E2}.Debug|Any CPU.Build.0 = Debug|Any CPU
		{35F64245-A862-43C5-B007-FE975F4515E2}.Debug|x64.ActiveCfg = Debug|Any CPU
		{35F64245-A862-43C5-B007-FE975F4515E2}.Debug|x64.Build.0 = Debug|Any CPU
		{35F64245-A862-43C5-B007-FE975F4515E2}.Debug|x86.ActiveCfg = Debug|Any CPU
		{35F64245-A862-43C5-B007-FE975F4515E2}.Debug|x86.Build.0 = Debug|Any CPU
		{35F64245-A862-43C5-B007-FE975F4515E2}.Release|Any CPU.ActiveCfg = Release|Any CPU
		{35F64245-A862-43C5-B007-FE975F4515E2}.Release|Any CPU.Build.0 = Release|Any CPU
		{35F64245-A862-43C5-B007-FE975F4515E2}.Release|x64.ActiveCfg = Release|Any CPU
		{35F64245-A862-43C5-B007-FE975F4515E2}.Release|x64.Build.0 = Release|Any CPU
		{35F64245-A862-43C5-B007-FE975F4515E2}.Release|x86.ActiveCfg = Release|Any CPU
		{35F64245-A862-43C5-B007-FE975F4515E2}.Release|x86.Build.0 = Release|Any CPU
		{EA04D268-2E26-4128-8906-4C4D14C67BAF}.Debug|Any CPU.ActiveCfg = Debug|Any CPU
		{EA04D268-2E26-4128-8906-4C4D14C67BAF}.Debug|Any CPU.Build.0 = Debug|Any CPU
		{EA04D268-2E26-4128-8906-4C4D14C67BAF}.Debug|x64.ActiveCfg = Debug|Any CPU
		{EA04D268-2E26-4128-8906-4C4D14C67BAF}.Debug|x64.Build.0 = Debug|Any CPU
		{EA04D268-2E26-4128-8906-4C4D14C67BAF}.Debug|x86.ActiveCfg = Debug|Any CPU
		{EA04D268-2E26-4128-8906-4C4D14C67BAF}.Debug|x86.Build.0 = Debug|Any CPU
		{EA04D268-2E26-4128-8906-4C4D14C67BAF}.Release|Any CPU.ActiveCfg = Release|Any CPU
		{EA04D268-2E26-4128-8906-4C4D14C67BAF}.Release|Any CPU.Build.0 = Release|Any CPU
		{EA04D268-2E26-4128-8906-4C4D14C67BAF}.Release|x64.ActiveCfg = Release|Any CPU
		{EA04D268-2E26-4128-8906-4C4D14C67BAF}.Release|x64.Build.0 = Release|Any CPU
		{EA04D268-2E26-4128-8906-4C4D14C67BAF}.Release|x86.ActiveCfg = Release|Any CPU
		{EA04D268-2E26-4128-8906-4C4D14C67BAF}.Release|x86.Build.0 = Release|Any CPU
		{ABE03587-4C62-45E4-BE1A-C5294ECC75AA}.Debug|Any CPU.ActiveCfg = Debug|Any CPU
		{ABE03587-4C62-45E4-BE1A-C5294ECC75AA}.Debug|Any CPU.Build.0 = Debug|Any CPU
		{ABE03587-4C62-45E4-BE1A-C5294ECC75AA}.Debug|x64.ActiveCfg = Debug|Any CPU
		{ABE03587-4C62-45E4-BE1A-C5294ECC75AA}.Debug|x64.Build.0 = Debug|Any CPU
		{ABE03587-4C62-45E4-BE1A-C5294ECC75AA}.Debug|x86.ActiveCfg = Debug|Any CPU
		{ABE03587-4C62-45E4-BE1A-C5294ECC75AA}.Debug|x86.Build.0 = Debug|Any CPU
		{ABE03587-4C62-45E4-BE1A-C5294ECC75AA}.Release|Any CPU.ActiveCfg = Release|Any CPU
		{ABE03587-4C62-45E4-BE1A-C5294ECC75AA}.Release|Any CPU.Build.0 = Release|Any CPU
		{ABE03587-4C62-45E4-BE1A-C5294ECC75AA}.Release|x64.ActiveCfg = Release|Any CPU
		{ABE03587-4C62-45E4-BE1A-C5294ECC75AA}.Release|x64.Build.0 = Release|Any CPU
		{ABE03587-4C62-45E4-BE1A-C5294ECC75AA}.Release|x86.ActiveCfg = Release|Any CPU
		{ABE03587-4C62-45E4-BE1A-C5294ECC75AA}.Release|x86.Build.0 = Release|Any CPU
		{FFDF7C17-110C-450D-825E-A14A126D2D44}.Debug|Any CPU.ActiveCfg = Debug|Any CPU
		{FFDF7C17-110C-450D-825E-A14A126D2D44}.Debug|Any CPU.Build.0 = Debug|Any CPU
		{FFDF7C17-110C-450D-825E-A14A126D2D44}.Debug|x64.ActiveCfg = Debug|Any CPU
		{FFDF7C17-110C-450D-825E-A14A126D2D44}.Debug|x64.Build.0 = Debug|Any CPU
		{FFDF7C17-110C-450D-825E-A14A126D2D44}.Debug|x86.ActiveCfg = Debug|Any CPU
		{FFDF7C17-110C-450D-825E-A14A126D2D44}.Debug|x86.Build.0 = Debug|Any CPU
		{FFDF7C17-110C-450D-825E-A14A126D2D44}.Release|Any CPU.ActiveCfg = Release|Any CPU
		{FFDF7C17-110C-450D-825E-A14A126D2D44}.Release|Any CPU.Build.0 = Release|Any CPU
		{FFDF7C17-110C-450D-825E-A14A126D2D44}.Release|x64.ActiveCfg = Release|Any CPU
		{FFDF7C17-110C-450D-825E-A14A126D2D44}.Release|x64.Build.0 = Release|Any CPU
		{FFDF7C17-110C-450D-825E-A14A126D2D44}.Release|x86.ActiveCfg = Release|Any CPU
		{FFDF7C17-110C-450D-825E-A14A126D2D44}.Release|x86.Build.0 = Release|Any CPU
		{F54F3DB8-935B-448C-AA0A-5F7231227C06}.Debug|Any CPU.ActiveCfg = Debug|Any CPU
		{F54F3DB8-935B-448C-AA0A-5F7231227C06}.Debug|Any CPU.Build.0 = Debug|Any CPU
		{F54F3DB8-935B-448C-AA0A-5F7231227C06}.Debug|x64.ActiveCfg = Debug|Any CPU
		{F54F3DB8-935B-448C-AA0A-5F7231227C06}.Debug|x64.Build.0 = Debug|Any CPU
		{F54F3DB8-935B-448C-AA0A-5F7231227C06}.Debug|x86.ActiveCfg = Debug|Any CPU
		{F54F3DB8-935B-448C-AA0A-5F7231227C06}.Debug|x86.Build.0 = Debug|Any CPU
		{F54F3DB8-935B-448C-AA0A-5F7231227C06}.Release|Any CPU.ActiveCfg = Release|Any CPU
		{F54F3DB8-935B-448C-AA0A-5F7231227C06}.Release|Any CPU.Build.0 = Release|Any CPU
		{F54F3DB8-935B-448C-AA0A-5F7231227C06}.Release|x64.ActiveCfg = Release|Any CPU
		{F54F3DB8-935B-448C-AA0A-5F7231227C06}.Release|x64.Build.0 = Release|Any CPU
		{F54F3DB8-935B-448C-AA0A-5F7231227C06}.Release|x86.ActiveCfg = Release|Any CPU
		{F54F3DB8-935B-448C-AA0A-5F7231227C06}.Release|x86.Build.0 = Release|Any CPU
		{66EC68FC-ECDE-445D-ACCD-7552A3AE9E52}.Debug|Any CPU.ActiveCfg = Debug|Any CPU
		{66EC68FC-ECDE-445D-ACCD-7552A3AE9E52}.Debug|Any CPU.Build.0 = Debug|Any CPU
		{66EC68FC-ECDE-445D-ACCD-7552A3AE9E52}.Debug|x64.ActiveCfg = Debug|Any CPU
		{66EC68FC-ECDE-445D-ACCD-7552A3AE9E52}.Debug|x64.Build.0 = Debug|Any CPU
		{66EC68FC-ECDE-445D-ACCD-7552A3AE9E52}.Debug|x86.ActiveCfg = Debug|Any CPU
		{66EC68FC-ECDE-445D-ACCD-7552A3AE9E52}.Debug|x86.Build.0 = Debug|Any CPU
		{66EC68FC-ECDE-445D-ACCD-7552A3AE9E52}.Release|Any CPU.ActiveCfg = Release|Any CPU
		{66EC68FC-ECDE-445D-ACCD-7552A3AE9E52}.Release|Any CPU.Build.0 = Release|Any CPU
		{66EC68FC-ECDE-445D-ACCD-7552A3AE9E52}.Release|x64.ActiveCfg = Release|Any CPU
		{66EC68FC-ECDE-445D-ACCD-7552A3AE9E52}.Release|x64.Build.0 = Release|Any CPU
		{66EC68FC-ECDE-445D-ACCD-7552A3AE9E52}.Release|x86.ActiveCfg = Release|Any CPU
		{66EC68FC-ECDE-445D-ACCD-7552A3AE9E52}.Release|x86.Build.0 = Release|Any CPU
		{29B9E527-DD31-47F8-8B70-F328421EB76E}.Debug|Any CPU.ActiveCfg = Debug|Any CPU
		{29B9E527-DD31-47F8-8B70-F328421EB76E}.Debug|Any CPU.Build.0 = Debug|Any CPU
		{29B9E527-DD31-47F8-8B70-F328421EB76E}.Debug|x64.ActiveCfg = Debug|Any CPU
		{29B9E527-DD31-47F8-8B70-F328421EB76E}.Debug|x64.Build.0 = Debug|Any CPU
		{29B9E527-DD31-47F8-8B70-F328421EB76E}.Debug|x86.ActiveCfg = Debug|Any CPU
		{29B9E527-DD31-47F8-8B70-F328421EB76E}.Debug|x86.Build.0 = Debug|Any CPU
		{29B9E527-DD31-47F8-8B70-F328421EB76E}.Release|Any CPU.ActiveCfg = Release|Any CPU
		{29B9E527-DD31-47F8-8B70-F328421EB76E}.Release|Any CPU.Build.0 = Release|Any CPU
		{29B9E527-DD31-47F8-8B70-F328421EB76E}.Release|x64.ActiveCfg = Release|Any CPU
		{29B9E527-DD31-47F8-8B70-F328421EB76E}.Release|x64.Build.0 = Release|Any CPU
		{29B9E527-DD31-47F8-8B70-F328421EB76E}.Release|x86.ActiveCfg = Release|Any CPU
		{29B9E527-DD31-47F8-8B70-F328421EB76E}.Release|x86.Build.0 = Release|Any CPU
		{86E74D6C-E5EE-4206-A30B-0C2CACD1716B}.Debug|Any CPU.ActiveCfg = Debug|Any CPU
		{86E74D6C-E5EE-4206-A30B-0C2CACD1716B}.Debug|Any CPU.Build.0 = Debug|Any CPU
		{86E74D6C-E5EE-4206-A30B-0C2CACD1716B}.Debug|x64.ActiveCfg = Debug|Any CPU
		{86E74D6C-E5EE-4206-A30B-0C2CACD1716B}.Debug|x64.Build.0 = Debug|Any CPU
		{86E74D6C-E5EE-4206-A30B-0C2CACD1716B}.Debug|x86.ActiveCfg = Debug|Any CPU
		{86E74D6C-E5EE-4206-A30B-0C2CACD1716B}.Debug|x86.Build.0 = Debug|Any CPU
		{86E74D6C-E5EE-4206-A30B-0C2CACD1716B}.Release|Any CPU.ActiveCfg = Release|Any CPU
		{86E74D6C-E5EE-4206-A30B-0C2CACD1716B}.Release|Any CPU.Build.0 = Release|Any CPU
		{86E74D6C-E5EE-4206-A30B-0C2CACD1716B}.Release|x64.ActiveCfg = Release|Any CPU
		{86E74D6C-E5EE-4206-A30B-0C2CACD1716B}.Release|x64.Build.0 = Release|Any CPU
		{86E74D6C-E5EE-4206-A30B-0C2CACD1716B}.Release|x86.ActiveCfg = Release|Any CPU
		{86E74D6C-E5EE-4206-A30B-0C2CACD1716B}.Release|x86.Build.0 = Release|Any CPU
		{63AFBFE8-3E6E-4525-9616-5E8E2010E0E9}.Debug|Any CPU.ActiveCfg = Debug|Any CPU
		{63AFBFE8-3E6E-4525-9616-5E8E2010E0E9}.Debug|Any CPU.Build.0 = Debug|Any CPU
		{63AFBFE8-3E6E-4525-9616-5E8E2010E0E9}.Debug|x64.ActiveCfg = Debug|Any CPU
		{63AFBFE8-3E6E-4525-9616-5E8E2010E0E9}.Debug|x64.Build.0 = Debug|Any CPU
		{63AFBFE8-3E6E-4525-9616-5E8E2010E0E9}.Debug|x86.ActiveCfg = Debug|Any CPU
		{63AFBFE8-3E6E-4525-9616-5E8E2010E0E9}.Debug|x86.Build.0 = Debug|Any CPU
		{63AFBFE8-3E6E-4525-9616-5E8E2010E0E9}.Release|Any CPU.ActiveCfg = Release|Any CPU
		{63AFBFE8-3E6E-4525-9616-5E8E2010E0E9}.Release|Any CPU.Build.0 = Release|Any CPU
		{63AFBFE8-3E6E-4525-9616-5E8E2010E0E9}.Release|x64.ActiveCfg = Release|Any CPU
		{63AFBFE8-3E6E-4525-9616-5E8E2010E0E9}.Release|x64.Build.0 = Release|Any CPU
		{63AFBFE8-3E6E-4525-9616-5E8E2010E0E9}.Release|x86.ActiveCfg = Release|Any CPU
		{63AFBFE8-3E6E-4525-9616-5E8E2010E0E9}.Release|x86.Build.0 = Release|Any CPU
		{A4E8A237-FDDF-4654-8CA1-3DEB63B442D5}.Debug|Any CPU.ActiveCfg = Debug|Any CPU
		{A4E8A237-FDDF-4654-8CA1-3DEB63B442D5}.Debug|Any CPU.Build.0 = Debug|Any CPU
		{A4E8A237-FDDF-4654-8CA1-3DEB63B442D5}.Debug|x64.ActiveCfg = Debug|Any CPU
		{A4E8A237-FDDF-4654-8CA1-3DEB63B442D5}.Debug|x64.Build.0 = Debug|Any CPU
		{A4E8A237-FDDF-4654-8CA1-3DEB63B442D5}.Debug|x86.ActiveCfg = Debug|Any CPU
		{A4E8A237-FDDF-4654-8CA1-3DEB63B442D5}.Debug|x86.Build.0 = Debug|Any CPU
		{A4E8A237-FDDF-4654-8CA1-3DEB63B442D5}.Release|Any CPU.ActiveCfg = Release|Any CPU
		{A4E8A237-FDDF-4654-8CA1-3DEB63B442D5}.Release|Any CPU.Build.0 = Release|Any CPU
		{A4E8A237-FDDF-4654-8CA1-3DEB63B442D5}.Release|x64.ActiveCfg = Release|Any CPU
		{A4E8A237-FDDF-4654-8CA1-3DEB63B442D5}.Release|x64.Build.0 = Release|Any CPU
		{A4E8A237-FDDF-4654-8CA1-3DEB63B442D5}.Release|x86.ActiveCfg = Release|Any CPU
		{A4E8A237-FDDF-4654-8CA1-3DEB63B442D5}.Release|x86.Build.0 = Release|Any CPU
		{65CD29A5-F7EA-46E2-A56D-19F8FA4FDBF1}.Debug|Any CPU.ActiveCfg = Debug|Any CPU
		{65CD29A5-F7EA-46E2-A56D-19F8FA4FDBF1}.Debug|Any CPU.Build.0 = Debug|Any CPU
		{65CD29A5-F7EA-46E2-A56D-19F8FA4FDBF1}.Debug|x64.ActiveCfg = Debug|Any CPU
		{65CD29A5-F7EA-46E2-A56D-19F8FA4FDBF1}.Debug|x64.Build.0 = Debug|Any CPU
		{65CD29A5-F7EA-46E2-A56D-19F8FA4FDBF1}.Debug|x86.ActiveCfg = Debug|Any CPU
		{65CD29A5-F7EA-46E2-A56D-19F8FA4FDBF1}.Debug|x86.Build.0 = Debug|Any CPU
		{65CD29A5-F7EA-46E2-A56D-19F8FA4FDBF1}.Release|Any CPU.ActiveCfg = Release|Any CPU
		{65CD29A5-F7EA-46E2-A56D-19F8FA4FDBF1}.Release|Any CPU.Build.0 = Release|Any CPU
		{65CD29A5-F7EA-46E2-A56D-19F8FA4FDBF1}.Release|x64.ActiveCfg = Release|Any CPU
		{65CD29A5-F7EA-46E2-A56D-19F8FA4FDBF1}.Release|x64.Build.0 = Release|Any CPU
		{65CD29A5-F7EA-46E2-A56D-19F8FA4FDBF1}.Release|x86.ActiveCfg = Release|Any CPU
		{65CD29A5-F7EA-46E2-A56D-19F8FA4FDBF1}.Release|x86.Build.0 = Release|Any CPU
		{A5C1BD28-C870-411A-9DA7-CC04DA25A989}.Debug|Any CPU.ActiveCfg = Debug|Any CPU
		{A5C1BD28-C870-411A-9DA7-CC04DA25A989}.Debug|Any CPU.Build.0 = Debug|Any CPU
		{A5C1BD28-C870-411A-9DA7-CC04DA25A989}.Debug|x64.ActiveCfg = Debug|Any CPU
		{A5C1BD28-C870-411A-9DA7-CC04DA25A989}.Debug|x64.Build.0 = Debug|Any CPU
		{A5C1BD28-C870-411A-9DA7-CC04DA25A989}.Debug|x86.ActiveCfg = Debug|Any CPU
		{A5C1BD28-C870-411A-9DA7-CC04DA25A989}.Debug|x86.Build.0 = Debug|Any CPU
		{A5C1BD28-C870-411A-9DA7-CC04DA25A989}.Release|Any CPU.ActiveCfg = Release|Any CPU
		{A5C1BD28-C870-411A-9DA7-CC04DA25A989}.Release|Any CPU.Build.0 = Release|Any CPU
		{A5C1BD28-C870-411A-9DA7-CC04DA25A989}.Release|x64.ActiveCfg = Release|Any CPU
		{A5C1BD28-C870-411A-9DA7-CC04DA25A989}.Release|x64.Build.0 = Release|Any CPU
		{A5C1BD28-C870-411A-9DA7-CC04DA25A989}.Release|x86.ActiveCfg = Release|Any CPU
		{A5C1BD28-C870-411A-9DA7-CC04DA25A989}.Release|x86.Build.0 = Release|Any CPU
		{209D1A81-C379-4945-AB55-80FF3BA501F6}.Debug|Any CPU.ActiveCfg = Debug|Any CPU
		{209D1A81-C379-4945-AB55-80FF3BA501F6}.Debug|Any CPU.Build.0 = Debug|Any CPU
		{209D1A81-C379-4945-AB55-80FF3BA501F6}.Debug|x64.ActiveCfg = Debug|Any CPU
		{209D1A81-C379-4945-AB55-80FF3BA501F6}.Debug|x64.Build.0 = Debug|Any CPU
		{209D1A81-C379-4945-AB55-80FF3BA501F6}.Debug|x86.ActiveCfg = Debug|Any CPU
		{209D1A81-C379-4945-AB55-80FF3BA501F6}.Debug|x86.Build.0 = Debug|Any CPU
		{209D1A81-C379-4945-AB55-80FF3BA501F6}.Release|Any CPU.ActiveCfg = Release|Any CPU
		{209D1A81-C379-4945-AB55-80FF3BA501F6}.Release|Any CPU.Build.0 = Release|Any CPU
		{209D1A81-C379-4945-AB55-80FF3BA501F6}.Release|x64.ActiveCfg = Release|Any CPU
		{209D1A81-C379-4945-AB55-80FF3BA501F6}.Release|x64.Build.0 = Release|Any CPU
		{209D1A81-C379-4945-AB55-80FF3BA501F6}.Release|x86.ActiveCfg = Release|Any CPU
		{209D1A81-C379-4945-AB55-80FF3BA501F6}.Release|x86.Build.0 = Release|Any CPU
		{1D638EC8-E24E-44FA-935B-772A20FC317D}.Debug|Any CPU.ActiveCfg = Debug|Any CPU
		{1D638EC8-E24E-44FA-935B-772A20FC317D}.Debug|Any CPU.Build.0 = Debug|Any CPU
		{1D638EC8-E24E-44FA-935B-772A20FC317D}.Debug|x64.ActiveCfg = Debug|Any CPU
		{1D638EC8-E24E-44FA-935B-772A20FC317D}.Debug|x64.Build.0 = Debug|Any CPU
		{1D638EC8-E24E-44FA-935B-772A20FC317D}.Debug|x86.ActiveCfg = Debug|Any CPU
		{1D638EC8-E24E-44FA-935B-772A20FC317D}.Debug|x86.Build.0 = Debug|Any CPU
		{1D638EC8-E24E-44FA-935B-772A20FC317D}.Release|Any CPU.ActiveCfg = Release|Any CPU
		{1D638EC8-E24E-44FA-935B-772A20FC317D}.Release|Any CPU.Build.0 = Release|Any CPU
		{1D638EC8-E24E-44FA-935B-772A20FC317D}.Release|x64.ActiveCfg = Release|Any CPU
		{1D638EC8-E24E-44FA-935B-772A20FC317D}.Release|x64.Build.0 = Release|Any CPU
		{1D638EC8-E24E-44FA-935B-772A20FC317D}.Release|x86.ActiveCfg = Release|Any CPU
		{1D638EC8-E24E-44FA-935B-772A20FC317D}.Release|x86.Build.0 = Release|Any CPU
		{30D820B4-C5E8-46E8-8939-66CC808F9F60}.Debug|Any CPU.ActiveCfg = Debug|Any CPU
		{30D820B4-C5E8-46E8-8939-66CC808F9F60}.Debug|Any CPU.Build.0 = Debug|Any CPU
		{30D820B4-C5E8-46E8-8939-66CC808F9F60}.Debug|x64.ActiveCfg = Debug|Any CPU
		{30D820B4-C5E8-46E8-8939-66CC808F9F60}.Debug|x64.Build.0 = Debug|Any CPU
		{30D820B4-C5E8-46E8-8939-66CC808F9F60}.Debug|x86.ActiveCfg = Debug|Any CPU
		{30D820B4-C5E8-46E8-8939-66CC808F9F60}.Debug|x86.Build.0 = Debug|Any CPU
		{30D820B4-C5E8-46E8-8939-66CC808F9F60}.Release|Any CPU.ActiveCfg = Release|Any CPU
		{30D820B4-C5E8-46E8-8939-66CC808F9F60}.Release|Any CPU.Build.0 = Release|Any CPU
		{30D820B4-C5E8-46E8-8939-66CC808F9F60}.Release|x64.ActiveCfg = Release|Any CPU
		{30D820B4-C5E8-46E8-8939-66CC808F9F60}.Release|x64.Build.0 = Release|Any CPU
		{30D820B4-C5E8-46E8-8939-66CC808F9F60}.Release|x86.ActiveCfg = Release|Any CPU
		{30D820B4-C5E8-46E8-8939-66CC808F9F60}.Release|x86.Build.0 = Release|Any CPU
		{CF8E6C6C-8B36-4E67-BE6D-0541D9CBDA65}.Debug|Any CPU.ActiveCfg = Debug|Any CPU
		{CF8E6C6C-8B36-4E67-BE6D-0541D9CBDA65}.Debug|Any CPU.Build.0 = Debug|Any CPU
		{CF8E6C6C-8B36-4E67-BE6D-0541D9CBDA65}.Debug|x64.ActiveCfg = Debug|Any CPU
		{CF8E6C6C-8B36-4E67-BE6D-0541D9CBDA65}.Debug|x64.Build.0 = Debug|Any CPU
		{CF8E6C6C-8B36-4E67-BE6D-0541D9CBDA65}.Debug|x86.ActiveCfg = Debug|Any CPU
		{CF8E6C6C-8B36-4E67-BE6D-0541D9CBDA65}.Debug|x86.Build.0 = Debug|Any CPU
		{CF8E6C6C-8B36-4E67-BE6D-0541D9CBDA65}.Release|Any CPU.ActiveCfg = Release|Any CPU
		{CF8E6C6C-8B36-4E67-BE6D-0541D9CBDA65}.Release|Any CPU.Build.0 = Release|Any CPU
		{CF8E6C6C-8B36-4E67-BE6D-0541D9CBDA65}.Release|x64.ActiveCfg = Release|Any CPU
		{CF8E6C6C-8B36-4E67-BE6D-0541D9CBDA65}.Release|x64.Build.0 = Release|Any CPU
		{CF8E6C6C-8B36-4E67-BE6D-0541D9CBDA65}.Release|x86.ActiveCfg = Release|Any CPU
		{CF8E6C6C-8B36-4E67-BE6D-0541D9CBDA65}.Release|x86.Build.0 = Release|Any CPU
		{9886102A-DCFE-42E3-80C0-AD3D37DF08E9}.Debug|Any CPU.ActiveCfg = Debug|Any CPU
		{9886102A-DCFE-42E3-80C0-AD3D37DF08E9}.Debug|Any CPU.Build.0 = Debug|Any CPU
		{9886102A-DCFE-42E3-80C0-AD3D37DF08E9}.Debug|x64.ActiveCfg = Debug|Any CPU
		{9886102A-DCFE-42E3-80C0-AD3D37DF08E9}.Debug|x64.Build.0 = Debug|Any CPU
		{9886102A-DCFE-42E3-80C0-AD3D37DF08E9}.Debug|x86.ActiveCfg = Debug|Any CPU
		{9886102A-DCFE-42E3-80C0-AD3D37DF08E9}.Debug|x86.Build.0 = Debug|Any CPU
		{9886102A-DCFE-42E3-80C0-AD3D37DF08E9}.Release|Any CPU.ActiveCfg = Release|Any CPU
		{9886102A-DCFE-42E3-80C0-AD3D37DF08E9}.Release|Any CPU.Build.0 = Release|Any CPU
		{9886102A-DCFE-42E3-80C0-AD3D37DF08E9}.Release|x64.ActiveCfg = Release|Any CPU
		{9886102A-DCFE-42E3-80C0-AD3D37DF08E9}.Release|x64.Build.0 = Release|Any CPU
		{9886102A-DCFE-42E3-80C0-AD3D37DF08E9}.Release|x86.ActiveCfg = Release|Any CPU
		{9886102A-DCFE-42E3-80C0-AD3D37DF08E9}.Release|x86.Build.0 = Release|Any CPU
		{5478AE6B-5056-4516-8E62-3D74540208C9}.Debug|Any CPU.ActiveCfg = Debug|Any CPU
		{5478AE6B-5056-4516-8E62-3D74540208C9}.Debug|Any CPU.Build.0 = Debug|Any CPU
		{5478AE6B-5056-4516-8E62-3D74540208C9}.Debug|x64.ActiveCfg = Debug|Any CPU
		{5478AE6B-5056-4516-8E62-3D74540208C9}.Debug|x64.Build.0 = Debug|Any CPU
		{5478AE6B-5056-4516-8E62-3D74540208C9}.Debug|x86.ActiveCfg = Debug|Any CPU
		{5478AE6B-5056-4516-8E62-3D74540208C9}.Debug|x86.Build.0 = Debug|Any CPU
		{5478AE6B-5056-4516-8E62-3D74540208C9}.Release|Any CPU.ActiveCfg = Release|Any CPU
		{5478AE6B-5056-4516-8E62-3D74540208C9}.Release|Any CPU.Build.0 = Release|Any CPU
		{5478AE6B-5056-4516-8E62-3D74540208C9}.Release|x64.ActiveCfg = Release|Any CPU
		{5478AE6B-5056-4516-8E62-3D74540208C9}.Release|x64.Build.0 = Release|Any CPU
		{5478AE6B-5056-4516-8E62-3D74540208C9}.Release|x86.ActiveCfg = Release|Any CPU
		{5478AE6B-5056-4516-8E62-3D74540208C9}.Release|x86.Build.0 = Release|Any CPU
		{1EEF957E-5420-4C38-AE8B-DDCAB6334003}.Debug|Any CPU.ActiveCfg = Debug|Any CPU
		{1EEF957E-5420-4C38-AE8B-DDCAB6334003}.Debug|Any CPU.Build.0 = Debug|Any CPU
		{1EEF957E-5420-4C38-AE8B-DDCAB6334003}.Debug|x64.ActiveCfg = Debug|Any CPU
		{1EEF957E-5420-4C38-AE8B-DDCAB6334003}.Debug|x64.Build.0 = Debug|Any CPU
		{1EEF957E-5420-4C38-AE8B-DDCAB6334003}.Debug|x86.ActiveCfg = Debug|Any CPU
		{1EEF957E-5420-4C38-AE8B-DDCAB6334003}.Debug|x86.Build.0 = Debug|Any CPU
		{1EEF957E-5420-4C38-AE8B-DDCAB6334003}.Release|Any CPU.ActiveCfg = Release|Any CPU
		{1EEF957E-5420-4C38-AE8B-DDCAB6334003}.Release|Any CPU.Build.0 = Release|Any CPU
		{1EEF957E-5420-4C38-AE8B-DDCAB6334003}.Release|x64.ActiveCfg = Release|Any CPU
		{1EEF957E-5420-4C38-AE8B-DDCAB6334003}.Release|x64.Build.0 = Release|Any CPU
		{1EEF957E-5420-4C38-AE8B-DDCAB6334003}.Release|x86.ActiveCfg = Release|Any CPU
		{1EEF957E-5420-4C38-AE8B-DDCAB6334003}.Release|x86.Build.0 = Release|Any CPU
		{30A10570-B67D-45DE-A416-17F039AF3D9E}.Debug|Any CPU.ActiveCfg = Debug|Any CPU
		{30A10570-B67D-45DE-A416-17F039AF3D9E}.Debug|Any CPU.Build.0 = Debug|Any CPU
		{30A10570-B67D-45DE-A416-17F039AF3D9E}.Debug|x64.ActiveCfg = Debug|Any CPU
		{30A10570-B67D-45DE-A416-17F039AF3D9E}.Debug|x64.Build.0 = Debug|Any CPU
		{30A10570-B67D-45DE-A416-17F039AF3D9E}.Debug|x86.ActiveCfg = Debug|Any CPU
		{30A10570-B67D-45DE-A416-17F039AF3D9E}.Debug|x86.Build.0 = Debug|Any CPU
		{30A10570-B67D-45DE-A416-17F039AF3D9E}.Release|Any CPU.ActiveCfg = Release|Any CPU
		{30A10570-B67D-45DE-A416-17F039AF3D9E}.Release|Any CPU.Build.0 = Release|Any CPU
		{30A10570-B67D-45DE-A416-17F039AF3D9E}.Release|x64.ActiveCfg = Release|Any CPU
		{30A10570-B67D-45DE-A416-17F039AF3D9E}.Release|x64.Build.0 = Release|Any CPU
		{30A10570-B67D-45DE-A416-17F039AF3D9E}.Release|x86.ActiveCfg = Release|Any CPU
		{30A10570-B67D-45DE-A416-17F039AF3D9E}.Release|x86.Build.0 = Release|Any CPU
		{9CAE7221-03A5-435F-BF73-417B20CF21AB}.Debug|Any CPU.ActiveCfg = Debug|Any CPU
		{9CAE7221-03A5-435F-BF73-417B20CF21AB}.Debug|Any CPU.Build.0 = Debug|Any CPU
		{9CAE7221-03A5-435F-BF73-417B20CF21AB}.Debug|x64.ActiveCfg = Debug|Any CPU
		{9CAE7221-03A5-435F-BF73-417B20CF21AB}.Debug|x64.Build.0 = Debug|Any CPU
		{9CAE7221-03A5-435F-BF73-417B20CF21AB}.Debug|x86.ActiveCfg = Debug|Any CPU
		{9CAE7221-03A5-435F-BF73-417B20CF21AB}.Debug|x86.Build.0 = Debug|Any CPU
		{9CAE7221-03A5-435F-BF73-417B20CF21AB}.Release|Any CPU.ActiveCfg = Release|Any CPU
		{9CAE7221-03A5-435F-BF73-417B20CF21AB}.Release|Any CPU.Build.0 = Release|Any CPU
		{9CAE7221-03A5-435F-BF73-417B20CF21AB}.Release|x64.ActiveCfg = Release|Any CPU
		{9CAE7221-03A5-435F-BF73-417B20CF21AB}.Release|x64.Build.0 = Release|Any CPU
		{9CAE7221-03A5-435F-BF73-417B20CF21AB}.Release|x86.ActiveCfg = Release|Any CPU
		{9CAE7221-03A5-435F-BF73-417B20CF21AB}.Release|x86.Build.0 = Release|Any CPU
		{E96FC866-1AE4-4CA2-99B2-B342CF298224}.Debug|Any CPU.ActiveCfg = Debug|Any CPU
		{E96FC866-1AE4-4CA2-99B2-B342CF298224}.Debug|Any CPU.Build.0 = Debug|Any CPU
		{E96FC866-1AE4-4CA2-99B2-B342CF298224}.Debug|x64.ActiveCfg = Debug|Any CPU
		{E96FC866-1AE4-4CA2-99B2-B342CF298224}.Debug|x64.Build.0 = Debug|Any CPU
		{E96FC866-1AE4-4CA2-99B2-B342CF298224}.Debug|x86.ActiveCfg = Debug|Any CPU
		{E96FC866-1AE4-4CA2-99B2-B342CF298224}.Debug|x86.Build.0 = Debug|Any CPU
		{E96FC866-1AE4-4CA2-99B2-B342CF298224}.Release|Any CPU.ActiveCfg = Release|Any CPU
		{E96FC866-1AE4-4CA2-99B2-B342CF298224}.Release|Any CPU.Build.0 = Release|Any CPU
		{E96FC866-1AE4-4CA2-99B2-B342CF298224}.Release|x64.ActiveCfg = Release|Any CPU
		{E96FC866-1AE4-4CA2-99B2-B342CF298224}.Release|x64.Build.0 = Release|Any CPU
		{E96FC866-1AE4-4CA2-99B2-B342CF298224}.Release|x86.ActiveCfg = Release|Any CPU
		{E96FC866-1AE4-4CA2-99B2-B342CF298224}.Release|x86.Build.0 = Release|Any CPU
		{391ED57F-695C-4140-9132-A8414B7D096F}.Debug|Any CPU.ActiveCfg = Debug|Any CPU
		{391ED57F-695C-4140-9132-A8414B7D096F}.Debug|Any CPU.Build.0 = Debug|Any CPU
		{391ED57F-695C-4140-9132-A8414B7D096F}.Debug|x64.ActiveCfg = Debug|Any CPU
		{391ED57F-695C-4140-9132-A8414B7D096F}.Debug|x64.Build.0 = Debug|Any CPU
		{391ED57F-695C-4140-9132-A8414B7D096F}.Debug|x86.ActiveCfg = Debug|Any CPU
		{391ED57F-695C-4140-9132-A8414B7D096F}.Debug|x86.Build.0 = Debug|Any CPU
		{391ED57F-695C-4140-9132-A8414B7D096F}.Release|Any CPU.ActiveCfg = Release|Any CPU
		{391ED57F-695C-4140-9132-A8414B7D096F}.Release|Any CPU.Build.0 = Release|Any CPU
		{391ED57F-695C-4140-9132-A8414B7D096F}.Release|x64.ActiveCfg = Release|Any CPU
		{391ED57F-695C-4140-9132-A8414B7D096F}.Release|x64.Build.0 = Release|Any CPU
		{391ED57F-695C-4140-9132-A8414B7D096F}.Release|x86.ActiveCfg = Release|Any CPU
		{391ED57F-695C-4140-9132-A8414B7D096F}.Release|x86.Build.0 = Release|Any CPU
		{F165E1FE-CA82-436C-B81F-9673F593EE5A}.Debug|Any CPU.ActiveCfg = Debug|Any CPU
		{F165E1FE-CA82-436C-B81F-9673F593EE5A}.Debug|Any CPU.Build.0 = Debug|Any CPU
		{F165E1FE-CA82-436C-B81F-9673F593EE5A}.Debug|x64.ActiveCfg = Debug|Any CPU
		{F165E1FE-CA82-436C-B81F-9673F593EE5A}.Debug|x64.Build.0 = Debug|Any CPU
		{F165E1FE-CA82-436C-B81F-9673F593EE5A}.Debug|x86.ActiveCfg = Debug|Any CPU
		{F165E1FE-CA82-436C-B81F-9673F593EE5A}.Debug|x86.Build.0 = Debug|Any CPU
		{F165E1FE-CA82-436C-B81F-9673F593EE5A}.Release|Any CPU.ActiveCfg = Release|Any CPU
		{F165E1FE-CA82-436C-B81F-9673F593EE5A}.Release|Any CPU.Build.0 = Release|Any CPU
		{F165E1FE-CA82-436C-B81F-9673F593EE5A}.Release|x64.ActiveCfg = Release|Any CPU
		{F165E1FE-CA82-436C-B81F-9673F593EE5A}.Release|x64.Build.0 = Release|Any CPU
		{F165E1FE-CA82-436C-B81F-9673F593EE5A}.Release|x86.ActiveCfg = Release|Any CPU
		{F165E1FE-CA82-436C-B81F-9673F593EE5A}.Release|x86.Build.0 = Release|Any CPU
		{8D64DC29-1D48-4492-8418-889C54B82306}.Debug|Any CPU.ActiveCfg = Debug|Any CPU
		{8D64DC29-1D48-4492-8418-889C54B82306}.Debug|Any CPU.Build.0 = Debug|Any CPU
		{8D64DC29-1D48-4492-8418-889C54B82306}.Debug|x64.ActiveCfg = Debug|Any CPU
		{8D64DC29-1D48-4492-8418-889C54B82306}.Debug|x64.Build.0 = Debug|Any CPU
		{8D64DC29-1D48-4492-8418-889C54B82306}.Debug|x86.ActiveCfg = Debug|Any CPU
		{8D64DC29-1D48-4492-8418-889C54B82306}.Debug|x86.Build.0 = Debug|Any CPU
		{8D64DC29-1D48-4492-8418-889C54B82306}.Release|Any CPU.ActiveCfg = Release|Any CPU
		{8D64DC29-1D48-4492-8418-889C54B82306}.Release|Any CPU.Build.0 = Release|Any CPU
		{8D64DC29-1D48-4492-8418-889C54B82306}.Release|x64.ActiveCfg = Release|Any CPU
		{8D64DC29-1D48-4492-8418-889C54B82306}.Release|x64.Build.0 = Release|Any CPU
		{8D64DC29-1D48-4492-8418-889C54B82306}.Release|x86.ActiveCfg = Release|Any CPU
		{8D64DC29-1D48-4492-8418-889C54B82306}.Release|x86.Build.0 = Release|Any CPU
		{9D21E3D5-5FD8-4929-B4CB-EF1DAB17FCD7}.Debug|Any CPU.ActiveCfg = Debug|Any CPU
		{9D21E3D5-5FD8-4929-B4CB-EF1DAB17FCD7}.Debug|Any CPU.Build.0 = Debug|Any CPU
		{9D21E3D5-5FD8-4929-B4CB-EF1DAB17FCD7}.Debug|x64.ActiveCfg = Debug|Any CPU
		{9D21E3D5-5FD8-4929-B4CB-EF1DAB17FCD7}.Debug|x64.Build.0 = Debug|Any CPU
		{9D21E3D5-5FD8-4929-B4CB-EF1DAB17FCD7}.Debug|x86.ActiveCfg = Debug|Any CPU
		{9D21E3D5-5FD8-4929-B4CB-EF1DAB17FCD7}.Debug|x86.Build.0 = Debug|Any CPU
		{9D21E3D5-5FD8-4929-B4CB-EF1DAB17FCD7}.Release|Any CPU.ActiveCfg = Release|Any CPU
		{9D21E3D5-5FD8-4929-B4CB-EF1DAB17FCD7}.Release|Any CPU.Build.0 = Release|Any CPU
		{9D21E3D5-5FD8-4929-B4CB-EF1DAB17FCD7}.Release|x64.ActiveCfg = Release|Any CPU
		{9D21E3D5-5FD8-4929-B4CB-EF1DAB17FCD7}.Release|x64.Build.0 = Release|Any CPU
		{9D21E3D5-5FD8-4929-B4CB-EF1DAB17FCD7}.Release|x86.ActiveCfg = Release|Any CPU
		{9D21E3D5-5FD8-4929-B4CB-EF1DAB17FCD7}.Release|x86.Build.0 = Release|Any CPU
		{B4087540-5E8E-4B53-8FEB-65F703418BA6}.Debug|Any CPU.ActiveCfg = Debug|Any CPU
		{B4087540-5E8E-4B53-8FEB-65F703418BA6}.Debug|Any CPU.Build.0 = Debug|Any CPU
		{B4087540-5E8E-4B53-8FEB-65F703418BA6}.Debug|x64.ActiveCfg = Debug|Any CPU
		{B4087540-5E8E-4B53-8FEB-65F703418BA6}.Debug|x64.Build.0 = Debug|Any CPU
		{B4087540-5E8E-4B53-8FEB-65F703418BA6}.Debug|x86.ActiveCfg = Debug|Any CPU
		{B4087540-5E8E-4B53-8FEB-65F703418BA6}.Debug|x86.Build.0 = Debug|Any CPU
		{B4087540-5E8E-4B53-8FEB-65F703418BA6}.Release|Any CPU.ActiveCfg = Release|Any CPU
		{B4087540-5E8E-4B53-8FEB-65F703418BA6}.Release|Any CPU.Build.0 = Release|Any CPU
		{B4087540-5E8E-4B53-8FEB-65F703418BA6}.Release|x64.ActiveCfg = Release|Any CPU
		{B4087540-5E8E-4B53-8FEB-65F703418BA6}.Release|x64.Build.0 = Release|Any CPU
		{B4087540-5E8E-4B53-8FEB-65F703418BA6}.Release|x86.ActiveCfg = Release|Any CPU
		{B4087540-5E8E-4B53-8FEB-65F703418BA6}.Release|x86.Build.0 = Release|Any CPU
		{DFA8185B-AC70-4C9E-A803-DD7683C782E7}.Debug|Any CPU.ActiveCfg = Debug|Any CPU
		{DFA8185B-AC70-4C9E-A803-DD7683C782E7}.Debug|Any CPU.Build.0 = Debug|Any CPU
		{DFA8185B-AC70-4C9E-A803-DD7683C782E7}.Debug|x64.ActiveCfg = Debug|Any CPU
		{DFA8185B-AC70-4C9E-A803-DD7683C782E7}.Debug|x64.Build.0 = Debug|Any CPU
		{DFA8185B-AC70-4C9E-A803-DD7683C782E7}.Debug|x86.ActiveCfg = Debug|Any CPU
		{DFA8185B-AC70-4C9E-A803-DD7683C782E7}.Debug|x86.Build.0 = Debug|Any CPU
		{DFA8185B-AC70-4C9E-A803-DD7683C782E7}.Release|Any CPU.ActiveCfg = Release|Any CPU
		{DFA8185B-AC70-4C9E-A803-DD7683C782E7}.Release|Any CPU.Build.0 = Release|Any CPU
		{DFA8185B-AC70-4C9E-A803-DD7683C782E7}.Release|x64.ActiveCfg = Release|Any CPU
		{DFA8185B-AC70-4C9E-A803-DD7683C782E7}.Release|x64.Build.0 = Release|Any CPU
		{DFA8185B-AC70-4C9E-A803-DD7683C782E7}.Release|x86.ActiveCfg = Release|Any CPU
		{DFA8185B-AC70-4C9E-A803-DD7683C782E7}.Release|x86.Build.0 = Release|Any CPU
		{271B3D15-C508-4686-8840-46BA0250FAC8}.Debug|Any CPU.ActiveCfg = Debug|Any CPU
		{271B3D15-C508-4686-8840-46BA0250FAC8}.Debug|Any CPU.Build.0 = Debug|Any CPU
		{271B3D15-C508-4686-8840-46BA0250FAC8}.Debug|x64.ActiveCfg = Debug|Any CPU
		{271B3D15-C508-4686-8840-46BA0250FAC8}.Debug|x64.Build.0 = Debug|Any CPU
		{271B3D15-C508-4686-8840-46BA0250FAC8}.Debug|x86.ActiveCfg = Debug|Any CPU
		{271B3D15-C508-4686-8840-46BA0250FAC8}.Debug|x86.Build.0 = Debug|Any CPU
		{271B3D15-C508-4686-8840-46BA0250FAC8}.Release|Any CPU.ActiveCfg = Release|Any CPU
		{271B3D15-C508-4686-8840-46BA0250FAC8}.Release|Any CPU.Build.0 = Release|Any CPU
		{271B3D15-C508-4686-8840-46BA0250FAC8}.Release|x64.ActiveCfg = Release|Any CPU
		{271B3D15-C508-4686-8840-46BA0250FAC8}.Release|x64.Build.0 = Release|Any CPU
		{271B3D15-C508-4686-8840-46BA0250FAC8}.Release|x86.ActiveCfg = Release|Any CPU
		{271B3D15-C508-4686-8840-46BA0250FAC8}.Release|x86.Build.0 = Release|Any CPU
		{A55ECF7D-5270-4BB6-8864-98802593F97C}.Debug|Any CPU.ActiveCfg = Debug|Any CPU
		{A55ECF7D-5270-4BB6-8864-98802593F97C}.Debug|Any CPU.Build.0 = Debug|Any CPU
		{A55ECF7D-5270-4BB6-8864-98802593F97C}.Debug|x64.ActiveCfg = Debug|Any CPU
		{A55ECF7D-5270-4BB6-8864-98802593F97C}.Debug|x64.Build.0 = Debug|Any CPU
		{A55ECF7D-5270-4BB6-8864-98802593F97C}.Debug|x86.ActiveCfg = Debug|Any CPU
		{A55ECF7D-5270-4BB6-8864-98802593F97C}.Debug|x86.Build.0 = Debug|Any CPU
		{A55ECF7D-5270-4BB6-8864-98802593F97C}.Release|Any CPU.ActiveCfg = Release|Any CPU
		{A55ECF7D-5270-4BB6-8864-98802593F97C}.Release|Any CPU.Build.0 = Release|Any CPU
		{A55ECF7D-5270-4BB6-8864-98802593F97C}.Release|x64.ActiveCfg = Release|Any CPU
		{A55ECF7D-5270-4BB6-8864-98802593F97C}.Release|x64.Build.0 = Release|Any CPU
		{A55ECF7D-5270-4BB6-8864-98802593F97C}.Release|x86.ActiveCfg = Release|Any CPU
		{A55ECF7D-5270-4BB6-8864-98802593F97C}.Release|x86.Build.0 = Release|Any CPU
		{42691FA1-018B-4853-ABD7-9B2DB178C7B9}.Debug|Any CPU.ActiveCfg = Debug|Any CPU
		{42691FA1-018B-4853-ABD7-9B2DB178C7B9}.Debug|Any CPU.Build.0 = Debug|Any CPU
		{42691FA1-018B-4853-ABD7-9B2DB178C7B9}.Debug|x64.ActiveCfg = Debug|Any CPU
		{42691FA1-018B-4853-ABD7-9B2DB178C7B9}.Debug|x64.Build.0 = Debug|Any CPU
		{42691FA1-018B-4853-ABD7-9B2DB178C7B9}.Debug|x86.ActiveCfg = Debug|Any CPU
		{42691FA1-018B-4853-ABD7-9B2DB178C7B9}.Debug|x86.Build.0 = Debug|Any CPU
		{42691FA1-018B-4853-ABD7-9B2DB178C7B9}.Release|Any CPU.ActiveCfg = Release|Any CPU
		{42691FA1-018B-4853-ABD7-9B2DB178C7B9}.Release|Any CPU.Build.0 = Release|Any CPU
		{42691FA1-018B-4853-ABD7-9B2DB178C7B9}.Release|x64.ActiveCfg = Release|Any CPU
		{42691FA1-018B-4853-ABD7-9B2DB178C7B9}.Release|x64.Build.0 = Release|Any CPU
		{42691FA1-018B-4853-ABD7-9B2DB178C7B9}.Release|x86.ActiveCfg = Release|Any CPU
		{42691FA1-018B-4853-ABD7-9B2DB178C7B9}.Release|x86.Build.0 = Release|Any CPU
		{E234A214-2BF2-45E8-A710-C1E8CA56BB31}.Debug|Any CPU.ActiveCfg = Debug|Any CPU
		{E234A214-2BF2-45E8-A710-C1E8CA56BB31}.Debug|Any CPU.Build.0 = Debug|Any CPU
		{E234A214-2BF2-45E8-A710-C1E8CA56BB31}.Debug|x64.ActiveCfg = Debug|Any CPU
		{E234A214-2BF2-45E8-A710-C1E8CA56BB31}.Debug|x64.Build.0 = Debug|Any CPU
		{E234A214-2BF2-45E8-A710-C1E8CA56BB31}.Debug|x86.ActiveCfg = Debug|Any CPU
		{E234A214-2BF2-45E8-A710-C1E8CA56BB31}.Debug|x86.Build.0 = Debug|Any CPU
		{E234A214-2BF2-45E8-A710-C1E8CA56BB31}.Release|Any CPU.ActiveCfg = Release|Any CPU
		{E234A214-2BF2-45E8-A710-C1E8CA56BB31}.Release|Any CPU.Build.0 = Release|Any CPU
		{E234A214-2BF2-45E8-A710-C1E8CA56BB31}.Release|x64.ActiveCfg = Release|Any CPU
		{E234A214-2BF2-45E8-A710-C1E8CA56BB31}.Release|x64.Build.0 = Release|Any CPU
		{E234A214-2BF2-45E8-A710-C1E8CA56BB31}.Release|x86.ActiveCfg = Release|Any CPU
		{E234A214-2BF2-45E8-A710-C1E8CA56BB31}.Release|x86.Build.0 = Release|Any CPU
	EndGlobalSection
	GlobalSection(SolutionProperties) = preSolution
		HideSolutionNode = FALSE
	EndGlobalSection
	GlobalSection(ExtensibilityGlobals) = postSolution
		SolutionGuid = {EFB518E5-EA30-4CEE-99D7-62066765307E}
	EndGlobalSection
EndGlobal
